{
  "name": "@npmmaintea/voluptatum-voluptatum-sapiente-tempore",
  "version": "1.0.0",
  "lockfileVersion": 3,
  "requires": true,
  "packages": {
    "": {
      "name": "@npmmaintea/voluptatum-voluptatum-sapiente-tempore",
      "version": "1.0.0",
      "license": "MIT",
      "dependencies": {
        "@npmmaintea/aliquam-accusantium-debitis-nulla": "^1.0.0",
        "@npmmaintea/architecto-labore-numquam-eligendi": "^1.0.0",
        "@npmmaintea/assumenda-quos-magni-velit": "^1.0.0",
        "@npmmaintea/at-eaque-sapiente-dolores": "^1.0.0",
        "@npmmaintea/cautious-waddle": "^1.0.0",
        "@npmmaintea/consequatur-laudantium-nihil-modi": "^1.0.0",
        "@npmmaintea/deserunt-nulla-doloribus-rerum": "^1.0.0",
        "@npmmaintea/dicta-minus-harum-quam": "^1.0.0",
        "@npmmaintea/dolor-ullam-incidunt-suscipit": "^1.0.0",
        "@npmmaintea/dolorem-optio-necessitatibus-magnam": "^1.0.0",
        "@npmmaintea/ea-debitis-ab-adipisci": "^1.0.0",
        "@npmmaintea/earum-amet-distinctio-voluptatibus": "^1.0.0",
        "@npmmaintea/et-nihil-quos-perferendis": "^1.0.0",
        "@npmmaintea/expedita-doloremque-vitae-cupiditate": "^1.0.0",
        "@npmmaintea/fugit-voluptatem-placeat-delectus": "^1.0.0",
        "@npmmaintea/glowing-broccoli": "^1.0.0",
        "@npmmaintea/in-reprehenderit-in-deleniti": "^1.0.0",
        "@npmmaintea/ipsa-alias-voluptatem-aperiam": "^1.0.0",
        "@npmmaintea/ipsum-cupiditate-dolor-voluptates": "^1.0.0",
        "@npmmaintea/iusto-quod-laborum-at": "^1.0.0",
        "@npmmaintea/magni-quo-maiores-facere": "^1.0.0",
        "@npmmaintea/officiis-iusto-illo-enim": "^1.0.0",
        "@npmmaintea/potential-octo-dollop": "^1.0.0",
        "@npmmaintea/psychic-doodle": "^1.0.0",
        "@npmmaintea/quae-nemo-enim-quidem": "^1.0.0",
        "@npmmaintea/quam-pariatur-minima-numquam": "^1.0.0",
        "@npmmaintea/sunt-minima-blanditiis-placeat": "^1.0.0",
        "@npmmaintea/vitae-repudiandae-dicta-ducimus": "^1.0.0",
        "@npmmaintea/voluptatem-sed-voluptates-ducimus": "^1.0.0",
        "@npmmaintea/voluptates-impedit-atque-nostrum": "^1.0.0"
      }
    },
    "node_modules/@npmmaintea/aliquam-accusantium-debitis-nulla": {
      "version": "1.0.0",
      "resolved": "https://registry.npmjs.org/@npmmaintea/aliquam-accusantium-debitis-nulla/-/aliquam-accusantium-debitis-nulla-1.0.0.tgz",
      "integrity": "sha512-fX8MDNvZf/HN+JZN1bsNKaPKL1rivWbP73WDt5QOl5h/xPFBA0L7TJGn+Kxfx2In8p1QH7lput1OLuLr8m/+1Q==",
      "dependencies": {
        "@npmmaintea/cautious-waddle": "^1.0.0",
        "@npmmaintea/glowing-broccoli": "^1.0.0",
        "@npmmaintea/potential-octo-dollop": "^1.0.0",
        "@npmmaintea/psychic-doodle": "^1.0.0"
      }
    },
    "node_modules/@npmmaintea/architecto-labore-numquam-eligendi": {
      "version": "1.0.0",
      "resolved": "https://registry.npmjs.org/@npmmaintea/architecto-labore-numquam-eligendi/-/architecto-labore-numquam-eligendi-1.0.0.tgz",
      "integrity": "sha512-jHtJrBTN6Z6eEuanevS0SmJBzOW7O4Edz9ZJB0lEiyKUlNtiz67m/15xLdaXWAzd6PhHV8WmONhEvUQuAzNPIQ==",
      "dependencies": {
        "@npmmaintea/aliquam-accusantium-debitis-nulla": "^1.0.0",
        "@npmmaintea/cautious-waddle": "^1.0.0",
        "@npmmaintea/glowing-broccoli": "^1.0.0",
        "@npmmaintea/ipsa-alias-voluptatem-aperiam": "^1.0.0",
        "@npmmaintea/potential-octo-dollop": "^1.0.0",
        "@npmmaintea/psychic-doodle": "^1.0.0"
      }
    },
    "node_modules/@npmmaintea/assumenda-quos-magni-velit": {
      "version": "1.0.0",
      "resolved": "https://registry.npmjs.org/@npmmaintea/assumenda-quos-magni-velit/-/assumenda-quos-magni-velit-1.0.0.tgz",
      "integrity": "sha512-8MdNSqb+el98osWnFe7yJsfNrlu4eKpbCJAaTj16no1iFNzV8GGSW11vhCzb8zDT2c10L0RFgUPPwp+zCGY6Hg==",
      "dependencies": {
        "@npmmaintea/aliquam-accusantium-debitis-nulla": "^1.0.0",
        "@npmmaintea/architecto-labore-numquam-eligendi": "^1.0.0",
        "@npmmaintea/at-eaque-sapiente-dolores": "^1.0.0",
        "@npmmaintea/cautious-waddle": "^1.0.0",
        "@npmmaintea/deserunt-nulla-doloribus-rerum": "^1.0.0",
        "@npmmaintea/dicta-minus-harum-quam": "^1.0.0",
        "@npmmaintea/dolorem-optio-necessitatibus-magnam": "^1.0.0",
        "@npmmaintea/earum-amet-distinctio-voluptatibus": "^1.0.0",
        "@npmmaintea/expedita-doloremque-vitae-cupiditate": "^1.0.0",
        "@npmmaintea/glowing-broccoli": "^1.0.0",
        "@npmmaintea/in-reprehenderit-in-deleniti": "^1.0.0",
        "@npmmaintea/ipsa-alias-voluptatem-aperiam": "^1.0.0",
        "@npmmaintea/ipsum-cupiditate-dolor-voluptates": "^1.0.0",
        "@npmmaintea/magni-quo-maiores-facere": "^1.0.0",
        "@npmmaintea/officiis-iusto-illo-enim": "^1.0.0",
        "@npmmaintea/potential-octo-dollop": "^1.0.0",
        "@npmmaintea/psychic-doodle": "^1.0.0",
        "@npmmaintea/quae-nemo-enim-quidem": "^1.0.0",
        "@npmmaintea/quam-pariatur-minima-numquam": "^1.0.0",
        "@npmmaintea/vitae-repudiandae-dicta-ducimus": "^1.0.0",
        "@npmmaintea/voluptates-impedit-atque-nostrum": "^1.0.0"
      }
    },
    "node_modules/@npmmaintea/at-eaque-sapiente-dolores": {
      "version": "1.0.0",
      "resolved": "https://registry.npmjs.org/@npmmaintea/at-eaque-sapiente-dolores/-/at-eaque-sapiente-dolores-1.0.0.tgz",
      "integrity": "sha512-GrU2hrKQdWv8MCNI36kO6OXxwlPhF0gxPHmK7HEQjyVOA432988lGS3b3/maksByvKM4l9aTfBMKvttjsiI6yQ==",
      "dependencies": {
        "@npmmaintea/aliquam-accusantium-debitis-nulla": "^1.0.0",
        "@npmmaintea/architecto-labore-numquam-eligendi": "^1.0.0",
        "@npmmaintea/cautious-waddle": "^1.0.0",
        "@npmmaintea/glowing-broccoli": "^1.0.0",
        "@npmmaintea/ipsa-alias-voluptatem-aperiam": "^1.0.0",
        "@npmmaintea/potential-octo-dollop": "^1.0.0",
        "@npmmaintea/psychic-doodle": "^1.0.0",
        "@npmmaintea/voluptates-impedit-atque-nostrum": "^1.0.0"
      }
    },
    "node_modules/@npmmaintea/cautious-waddle": {
      "version": "1.0.0",
      "resolved": "https://registry.npmjs.org/@npmmaintea/cautious-waddle/-/cautious-waddle-1.0.0.tgz",
      "integrity": "sha512-FcmZfbk/bwS4BIGtBe+0saBjdy+k3GpWMENtI97geTTFFQg18iBgAiFBx/C+pPzxZMikgghJUg9+XiB1aoNEGw==",
      "dependencies": {
        "@npmmaintea/potential-octo-dollop": "^1.0.0"
      }
    },
    "node_modules/@npmmaintea/consequatur-laudantium-nihil-modi": {
      "version": "1.0.0",
      "resolved": "https://registry.npmjs.org/@npmmaintea/consequatur-laudantium-nihil-modi/-/consequatur-laudantium-nihil-modi-1.0.0.tgz",
      "integrity": "sha512-KL5ZcboYD2h8RoJCJrum/MxDVPbclZbqWq23SnUEjPjJbW2U7a+C+6bEnU/9DO8+W7gib4DJA+Y8WLaIzXB5pg==",
      "dependencies": {
        "@npmmaintea/aliquam-accusantium-debitis-nulla": "^1.0.0",
        "@npmmaintea/architecto-labore-numquam-eligendi": "^1.0.0",
        "@npmmaintea/assumenda-quos-magni-velit": "^1.0.0",
        "@npmmaintea/at-eaque-sapiente-dolores": "^1.0.0",
        "@npmmaintea/cautious-waddle": "^1.0.0",
        "@npmmaintea/deserunt-nulla-doloribus-rerum": "^1.0.0",
        "@npmmaintea/dicta-minus-harum-quam": "^1.0.0",
        "@npmmaintea/dolor-ullam-incidunt-suscipit": "^1.0.0",
        "@npmmaintea/dolorem-optio-necessitatibus-magnam": "^1.0.0",
        "@npmmaintea/ea-debitis-ab-adipisci": "^1.0.0",
        "@npmmaintea/earum-amet-distinctio-voluptatibus": "^1.0.0",
        "@npmmaintea/et-nihil-quos-perferendis": "^1.0.0",
        "@npmmaintea/expedita-doloremque-vitae-cupiditate": "^1.0.0",
        "@npmmaintea/fugit-voluptatem-placeat-delectus": "^1.0.0",
        "@npmmaintea/glowing-broccoli": "^1.0.0",
        "@npmmaintea/in-reprehenderit-in-deleniti": "^1.0.0",
        "@npmmaintea/ipsa-alias-voluptatem-aperiam": "^1.0.0",
        "@npmmaintea/ipsum-cupiditate-dolor-voluptates": "^1.0.0",
        "@npmmaintea/iusto-quod-laborum-at": "^1.0.0",
        "@npmmaintea/magni-quo-maiores-facere": "^1.0.0",
        "@npmmaintea/officiis-iusto-illo-enim": "^1.0.0",
        "@npmmaintea/potential-octo-dollop": "^1.0.0",
        "@npmmaintea/psychic-doodle": "^1.0.0",
        "@npmmaintea/quae-nemo-enim-quidem": "^1.0.0",
        "@npmmaintea/quam-pariatur-minima-numquam": "^1.0.0",
        "@npmmaintea/sunt-minima-blanditiis-placeat": "^1.0.0",
        "@npmmaintea/vitae-repudiandae-dicta-ducimus": "^1.0.0",
        "@npmmaintea/voluptates-impedit-atque-nostrum": "^1.0.0"
      }
    },
    "node_modules/@npmmaintea/deserunt-nulla-doloribus-rerum": {
      "version": "1.0.0",
      "resolved": "https://registry.npmjs.org/@npmmaintea/deserunt-nulla-doloribus-rerum/-/deserunt-nulla-doloribus-rerum-1.0.0.tgz",
      "integrity": "sha512-veuH8ELMOApPreaXWY5FjucprlapgOeBqF+fHvEEp0oerzFAyKgm5McWjG5KUJBwkL3Ke02zoQ4Y7kLGNTQN0g==",
      "dependencies": {
        "@npmmaintea/aliquam-accusantium-debitis-nulla": "^1.0.0",
        "@npmmaintea/architecto-labore-numquam-eligendi": "^1.0.0",
        "@npmmaintea/at-eaque-sapiente-dolores": "^1.0.0",
        "@npmmaintea/cautious-waddle": "^1.0.0",
        "@npmmaintea/glowing-broccoli": "^1.0.0",
        "@npmmaintea/in-reprehenderit-in-deleniti": "^1.0.0",
        "@npmmaintea/ipsa-alias-voluptatem-aperiam": "^1.0.0",
        "@npmmaintea/ipsum-cupiditate-dolor-voluptates": "^1.0.0",
        "@npmmaintea/magni-quo-maiores-facere": "^1.0.0",
        "@npmmaintea/officiis-iusto-illo-enim": "^1.0.0",
        "@npmmaintea/potential-octo-dollop": "^1.0.0",
        "@npmmaintea/psychic-doodle": "^1.0.0",
        "@npmmaintea/vitae-repudiandae-dicta-ducimus": "^1.0.0",
        "@npmmaintea/voluptates-impedit-atque-nostrum": "^1.0.0"
      }
    },
    "node_modules/@npmmaintea/dicta-minus-harum-quam": {
      "version": "1.0.0",
      "resolved": "https://registry.npmjs.org/@npmmaintea/dicta-minus-harum-quam/-/dicta-minus-harum-quam-1.0.0.tgz",
      "integrity": "sha512-APrwGs0cf+owmfH9K8aGqip1oskuyiv+Oh9h1bpzzCXFnKDyh+72NwmzjJXW0bIxUPD0FtEtbA599PBmuFSayA==",
      "dependencies": {
        "@npmmaintea/aliquam-accusantium-debitis-nulla": "^1.0.0",
        "@npmmaintea/architecto-labore-numquam-eligendi": "^1.0.0",
        "@npmmaintea/at-eaque-sapiente-dolores": "^1.0.0",
        "@npmmaintea/cautious-waddle": "^1.0.0",
        "@npmmaintea/deserunt-nulla-doloribus-rerum": "^1.0.0",
        "@npmmaintea/dolorem-optio-necessitatibus-magnam": "^1.0.0",
        "@npmmaintea/earum-amet-distinctio-voluptatibus": "^1.0.0",
        "@npmmaintea/glowing-broccoli": "^1.0.0",
        "@npmmaintea/in-reprehenderit-in-deleniti": "^1.0.0",
        "@npmmaintea/ipsa-alias-voluptatem-aperiam": "^1.0.0",
        "@npmmaintea/ipsum-cupiditate-dolor-voluptates": "^1.0.0",
        "@npmmaintea/magni-quo-maiores-facere": "^1.0.0",
        "@npmmaintea/officiis-iusto-illo-enim": "^1.0.0",
        "@npmmaintea/potential-octo-dollop": "^1.0.0",
        "@npmmaintea/psychic-doodle": "^1.0.0",
        "@npmmaintea/quae-nemo-enim-quidem": "^1.0.0",
        "@npmmaintea/quam-pariatur-minima-numquam": "^1.0.0",
        "@npmmaintea/vitae-repudiandae-dicta-ducimus": "^1.0.0",
        "@npmmaintea/voluptates-impedit-atque-nostrum": "^1.0.0"
      }
    },
    "node_modules/@npmmaintea/dolor-ullam-incidunt-suscipit": {
      "version": "1.0.0",
      "resolved": "https://registry.npmjs.org/@npmmaintea/dolor-ullam-incidunt-suscipit/-/dolor-ullam-incidunt-suscipit-1.0.0.tgz",
      "integrity": "sha512-WjrvFi+ylmxGZMah8hlzkFe3Ks6LOOzEWtXpArPXAKv942zW2zcmINqHT2mPuWhmm5FqCB3N5WLLfWZlj+9YKw==",
      "dependencies": {
        "@npmmaintea/aliquam-accusantium-debitis-nulla": "^1.0.0",
        "@npmmaintea/architecto-labore-numquam-eligendi": "^1.0.0",
        "@npmmaintea/assumenda-quos-magni-velit": "^1.0.0",
        "@npmmaintea/at-eaque-sapiente-dolores": "^1.0.0",
        "@npmmaintea/cautious-waddle": "^1.0.0",
        "@npmmaintea/deserunt-nulla-doloribus-rerum": "^1.0.0",
        "@npmmaintea/dicta-minus-harum-quam": "^1.0.0",
        "@npmmaintea/dolorem-optio-necessitatibus-magnam": "^1.0.0",
        "@npmmaintea/ea-debitis-ab-adipisci": "^1.0.0",
        "@npmmaintea/earum-amet-distinctio-voluptatibus": "^1.0.0",
        "@npmmaintea/expedita-doloremque-vitae-cupiditate": "^1.0.0",
        "@npmmaintea/fugit-voluptatem-placeat-delectus": "^1.0.0",
        "@npmmaintea/glowing-broccoli": "^1.0.0",
        "@npmmaintea/in-reprehenderit-in-deleniti": "^1.0.0",
        "@npmmaintea/ipsa-alias-voluptatem-aperiam": "^1.0.0",
        "@npmmaintea/ipsum-cupiditate-dolor-voluptates": "^1.0.0",
        "@npmmaintea/iusto-quod-laborum-at": "^1.0.0",
        "@npmmaintea/magni-quo-maiores-facere": "^1.0.0",
        "@npmmaintea/officiis-iusto-illo-enim": "^1.0.0",
        "@npmmaintea/potential-octo-dollop": "^1.0.0",
        "@npmmaintea/psychic-doodle": "^1.0.0",
        "@npmmaintea/quae-nemo-enim-quidem": "^1.0.0",
        "@npmmaintea/quam-pariatur-minima-numquam": "^1.0.0",
        "@npmmaintea/vitae-repudiandae-dicta-ducimus": "^1.0.0",
        "@npmmaintea/voluptates-impedit-atque-nostrum": "^1.0.0"
      }
    },
    "node_modules/@npmmaintea/dolorem-optio-necessitatibus-magnam": {
      "version": "1.0.0",
      "resolved": "https://registry.npmjs.org/@npmmaintea/dolorem-optio-necessitatibus-magnam/-/dolorem-optio-necessitatibus-magnam-1.0.0.tgz",
      "integrity": "sha512-yzWW9JfTqKCDQSJ8nXnioz030F2yg5H1jSWhQwcWWIdYumrTjmByVKGS4H+WI/UnVHJOR5lRKt40GONtTcXvMQ==",
      "dependencies": {
        "@npmmaintea/aliquam-accusantium-debitis-nulla": "^1.0.0",
        "@npmmaintea/architecto-labore-numquam-eligendi": "^1.0.0",
        "@npmmaintea/at-eaque-sapiente-dolores": "^1.0.0",
        "@npmmaintea/cautious-waddle": "^1.0.0",
        "@npmmaintea/deserunt-nulla-doloribus-rerum": "^1.0.0",
        "@npmmaintea/glowing-broccoli": "^1.0.0",
        "@npmmaintea/in-reprehenderit-in-deleniti": "^1.0.0",
        "@npmmaintea/ipsa-alias-voluptatem-aperiam": "^1.0.0",
        "@npmmaintea/ipsum-cupiditate-dolor-voluptates": "^1.0.0",
        "@npmmaintea/magni-quo-maiores-facere": "^1.0.0",
        "@npmmaintea/officiis-iusto-illo-enim": "^1.0.0",
        "@npmmaintea/potential-octo-dollop": "^1.0.0",
        "@npmmaintea/psychic-doodle": "^1.0.0",
        "@npmmaintea/vitae-repudiandae-dicta-ducimus": "^1.0.0",
        "@npmmaintea/voluptates-impedit-atque-nostrum": "^1.0.0"
      }
    },
    "node_modules/@npmmaintea/ea-debitis-ab-adipisci": {
      "version": "1.0.0",
      "resolved": "https://registry.npmjs.org/@npmmaintea/ea-debitis-ab-adipisci/-/ea-debitis-ab-adipisci-1.0.0.tgz",
      "integrity": "sha512-Fzez59AZX30BSkaxGQtYW9cqcWgi3QZBHg0zI9cy8ot8OVYjkMRr2zBnOo8W81qf4bO2h28848JP87ydCc63qg==",
      "dependencies": {
        "@npmmaintea/aliquam-accusantium-debitis-nulla": "^1.0.0",
        "@npmmaintea/architecto-labore-numquam-eligendi": "^1.0.0",
        "@npmmaintea/assumenda-quos-magni-velit": "^1.0.0",
        "@npmmaintea/at-eaque-sapiente-dolores": "^1.0.0",
        "@npmmaintea/cautious-waddle": "^1.0.0",
        "@npmmaintea/deserunt-nulla-doloribus-rerum": "^1.0.0",
        "@npmmaintea/dicta-minus-harum-quam": "^1.0.0",
        "@npmmaintea/dolorem-optio-necessitatibus-magnam": "^1.0.0",
        "@npmmaintea/earum-amet-distinctio-voluptatibus": "^1.0.0",
        "@npmmaintea/expedita-doloremque-vitae-cupiditate": "^1.0.0",
        "@npmmaintea/fugit-voluptatem-placeat-delectus": "^1.0.0",
        "@npmmaintea/glowing-broccoli": "^1.0.0",
        "@npmmaintea/in-reprehenderit-in-deleniti": "^1.0.0",
        "@npmmaintea/ipsa-alias-voluptatem-aperiam": "^1.0.0",
        "@npmmaintea/ipsum-cupiditate-dolor-voluptates": "^1.0.0",
        "@npmmaintea/iusto-quod-laborum-at": "^1.0.0",
        "@npmmaintea/magni-quo-maiores-facere": "^1.0.0",
        "@npmmaintea/officiis-iusto-illo-enim": "^1.0.0",
        "@npmmaintea/potential-octo-dollop": "^1.0.0",
        "@npmmaintea/psychic-doodle": "^1.0.0",
        "@npmmaintea/quae-nemo-enim-quidem": "^1.0.0",
        "@npmmaintea/quam-pariatur-minima-numquam": "^1.0.0",
        "@npmmaintea/vitae-repudiandae-dicta-ducimus": "^1.0.0",
        "@npmmaintea/voluptates-impedit-atque-nostrum": "^1.0.0"
      }
    },
    "node_modules/@npmmaintea/earum-amet-distinctio-voluptatibus": {
      "version": "1.0.0",
      "resolved": "https://registry.npmjs.org/@npmmaintea/earum-amet-distinctio-voluptatibus/-/earum-amet-distinctio-voluptatibus-1.0.0.tgz",
      "integrity": "sha512-TtzXpTQtW4UmD/q4+76FnEwFbWpUQKC72+MmRfEdgu5x/whq5u78kOp6ygR0Q32DwExkzLzsDWROAhx9XOFkUw==",
      "dependencies": {
        "@npmmaintea/aliquam-accusantium-debitis-nulla": "^1.0.0",
        "@npmmaintea/architecto-labore-numquam-eligendi": "^1.0.0",
        "@npmmaintea/at-eaque-sapiente-dolores": "^1.0.0",
        "@npmmaintea/cautious-waddle": "^1.0.0",
        "@npmmaintea/deserunt-nulla-doloribus-rerum": "^1.0.0",
        "@npmmaintea/dolorem-optio-necessitatibus-magnam": "^1.0.0",
        "@npmmaintea/glowing-broccoli": "^1.0.0",
        "@npmmaintea/in-reprehenderit-in-deleniti": "^1.0.0",
        "@npmmaintea/ipsa-alias-voluptatem-aperiam": "^1.0.0",
        "@npmmaintea/ipsum-cupiditate-dolor-voluptates": "^1.0.0",
        "@npmmaintea/magni-quo-maiores-facere": "^1.0.0",
        "@npmmaintea/officiis-iusto-illo-enim": "^1.0.0",
        "@npmmaintea/potential-octo-dollop": "^1.0.0",
        "@npmmaintea/psychic-doodle": "^1.0.0",
        "@npmmaintea/quae-nemo-enim-quidem": "^1.0.0",
        "@npmmaintea/vitae-repudiandae-dicta-ducimus": "^1.0.0",
        "@npmmaintea/voluptates-impedit-atque-nostrum": "^1.0.0"
      }
    },
    "node_modules/@npmmaintea/et-nihil-quos-perferendis": {
      "version": "1.0.0",
      "resolved": "https://registry.npmjs.org/@npmmaintea/et-nihil-quos-perferendis/-/et-nihil-quos-perferendis-1.0.0.tgz",
      "integrity": "sha512-fzs7MSDqaCzQiSbuOl6ExAkj/I5NMCE7YEqok2+352UpfOftLC5wsSkvEaKBaVKSv/FdFKALvxvy3XombNH2ew==",
      "dependencies": {
        "@npmmaintea/aliquam-accusantium-debitis-nulla": "^1.0.0",
        "@npmmaintea/architecto-labore-numquam-eligendi": "^1.0.0",
        "@npmmaintea/assumenda-quos-magni-velit": "^1.0.0",
        "@npmmaintea/at-eaque-sapiente-dolores": "^1.0.0",
        "@npmmaintea/cautious-waddle": "^1.0.0",
        "@npmmaintea/deserunt-nulla-doloribus-rerum": "^1.0.0",
        "@npmmaintea/dicta-minus-harum-quam": "^1.0.0",
        "@npmmaintea/dolor-ullam-incidunt-suscipit": "^1.0.0",
        "@npmmaintea/dolorem-optio-necessitatibus-magnam": "^1.0.0",
        "@npmmaintea/ea-debitis-ab-adipisci": "^1.0.0",
        "@npmmaintea/earum-amet-distinctio-voluptatibus": "^1.0.0",
        "@npmmaintea/expedita-doloremque-vitae-cupiditate": "^1.0.0",
        "@npmmaintea/fugit-voluptatem-placeat-delectus": "^1.0.0",
        "@npmmaintea/glowing-broccoli": "^1.0.0",
        "@npmmaintea/in-reprehenderit-in-deleniti": "^1.0.0",
        "@npmmaintea/ipsa-alias-voluptatem-aperiam": "^1.0.0",
        "@npmmaintea/ipsum-cupiditate-dolor-voluptates": "^1.0.0",
        "@npmmaintea/iusto-quod-laborum-at": "^1.0.0",
        "@npmmaintea/magni-quo-maiores-facere": "^1.0.0",
        "@npmmaintea/officiis-iusto-illo-enim": "^1.0.0",
        "@npmmaintea/potential-octo-dollop": "^1.0.0",
        "@npmmaintea/psychic-doodle": "^1.0.0",
        "@npmmaintea/quae-nemo-enim-quidem": "^1.0.0",
        "@npmmaintea/quam-pariatur-minima-numquam": "^1.0.0",
        "@npmmaintea/vitae-repudiandae-dicta-ducimus": "^1.0.0",
        "@npmmaintea/voluptates-impedit-atque-nostrum": "^1.0.0"
      }
    },
    "node_modules/@npmmaintea/expedita-doloremque-vitae-cupiditate": {
      "version": "1.0.0",
      "resolved": "https://registry.npmjs.org/@npmmaintea/expedita-doloremque-vitae-cupiditate/-/expedita-doloremque-vitae-cupiditate-1.0.0.tgz",
      "integrity": "sha512-MLn5vi5gWI6ZZ+xkFzDPL8cGHRy+Kl6iA4N5zqWRMvjECRUV9fSzLHhOStRuj785n2mQnwUFMVw9Ea+7FL71xw==",
      "dependencies": {
        "@npmmaintea/aliquam-accusantium-debitis-nulla": "^1.0.0",
        "@npmmaintea/architecto-labore-numquam-eligendi": "^1.0.0",
        "@npmmaintea/at-eaque-sapiente-dolores": "^1.0.0",
        "@npmmaintea/cautious-waddle": "^1.0.0",
        "@npmmaintea/deserunt-nulla-doloribus-rerum": "^1.0.0",
        "@npmmaintea/dicta-minus-harum-quam": "^1.0.0",
        "@npmmaintea/dolorem-optio-necessitatibus-magnam": "^1.0.0",
        "@npmmaintea/earum-amet-distinctio-voluptatibus": "^1.0.0",
        "@npmmaintea/glowing-broccoli": "^1.0.0",
        "@npmmaintea/in-reprehenderit-in-deleniti": "^1.0.0",
        "@npmmaintea/ipsa-alias-voluptatem-aperiam": "^1.0.0",
        "@npmmaintea/ipsum-cupiditate-dolor-voluptates": "^1.0.0",
        "@npmmaintea/magni-quo-maiores-facere": "^1.0.0",
        "@npmmaintea/officiis-iusto-illo-enim": "^1.0.0",
        "@npmmaintea/potential-octo-dollop": "^1.0.0",
        "@npmmaintea/psychic-doodle": "^1.0.0",
        "@npmmaintea/quae-nemo-enim-quidem": "^1.0.0",
        "@npmmaintea/quam-pariatur-minima-numquam": "^1.0.0",
        "@npmmaintea/vitae-repudiandae-dicta-ducimus": "^1.0.0",
        "@npmmaintea/voluptates-impedit-atque-nostrum": "^1.0.0"
      }
    },
    "node_modules/@npmmaintea/fugit-voluptatem-placeat-delectus": {
      "version": "1.0.0",
      "resolved": "https://registry.npmjs.org/@npmmaintea/fugit-voluptatem-placeat-delectus/-/fugit-voluptatem-placeat-delectus-1.0.0.tgz",
      "integrity": "sha512-bQw0a0M0p3RqOD4kjb/kWoutM6hnxfnx8ezARFO5j2V0F/NSUdBkoBVVvWxFQ6Bj6P3EDF291Uy0zeEnxeI8Nw==",
      "dependencies": {
        "@npmmaintea/aliquam-accusantium-debitis-nulla": "^1.0.0",
        "@npmmaintea/architecto-labore-numquam-eligendi": "^1.0.0",
        "@npmmaintea/assumenda-quos-magni-velit": "^1.0.0",
        "@npmmaintea/at-eaque-sapiente-dolores": "^1.0.0",
        "@npmmaintea/cautious-waddle": "^1.0.0",
        "@npmmaintea/deserunt-nulla-doloribus-rerum": "^1.0.0",
        "@npmmaintea/dicta-minus-harum-quam": "^1.0.0",
        "@npmmaintea/dolorem-optio-necessitatibus-magnam": "^1.0.0",
        "@npmmaintea/earum-amet-distinctio-voluptatibus": "^1.0.0",
        "@npmmaintea/expedita-doloremque-vitae-cupiditate": "^1.0.0",
        "@npmmaintea/glowing-broccoli": "^1.0.0",
        "@npmmaintea/in-reprehenderit-in-deleniti": "^1.0.0",
        "@npmmaintea/ipsa-alias-voluptatem-aperiam": "^1.0.0",
        "@npmmaintea/ipsum-cupiditate-dolor-voluptates": "^1.0.0",
        "@npmmaintea/iusto-quod-laborum-at": "^1.0.0",
        "@npmmaintea/magni-quo-maiores-facere": "^1.0.0",
        "@npmmaintea/officiis-iusto-illo-enim": "^1.0.0",
        "@npmmaintea/potential-octo-dollop": "^1.0.0",
        "@npmmaintea/psychic-doodle": "^1.0.0",
        "@npmmaintea/quae-nemo-enim-quidem": "^1.0.0",
        "@npmmaintea/quam-pariatur-minima-numquam": "^1.0.0",
        "@npmmaintea/vitae-repudiandae-dicta-ducimus": "^1.0.0",
        "@npmmaintea/voluptates-impedit-atque-nostrum": "^1.0.0"
      }
    },
    "node_modules/@npmmaintea/glowing-broccoli": {
      "version": "1.0.0",
      "resolved": "https://registry.npmjs.org/@npmmaintea/glowing-broccoli/-/glowing-broccoli-1.0.0.tgz",
      "integrity": "sha512-L4Sw2Ru8aWg0i+48tRzjx+4TuRjzeW/jtKEzSo60lQ3hAGHOFnh477+83H5/C6XSHNChaBWTtffHT79nFwU1rg==",
      "dependencies": {
        "@npmmaintea/potential-octo-dollop": "^1.0.0"
      }
    },
    "node_modules/@npmmaintea/in-reprehenderit-in-deleniti": {
      "version": "1.0.0",
      "resolved": "https://registry.npmjs.org/@npmmaintea/in-reprehenderit-in-deleniti/-/in-reprehenderit-in-deleniti-1.0.0.tgz",
      "integrity": "sha512-OkgSH99q0iVywJNlk17II7Q45QUplV+fySaU9JxpkvxnVvOsa2ffagFbNtTL+HkH69Pd6ZYKFyOswuhbKE3FHg==",
      "dependencies": {
        "@npmmaintea/aliquam-accusantium-debitis-nulla": "^1.0.0",
        "@npmmaintea/architecto-labore-numquam-eligendi": "^1.0.0",
        "@npmmaintea/at-eaque-sapiente-dolores": "^1.0.0",
        "@npmmaintea/cautious-waddle": "^1.0.0",
        "@npmmaintea/glowing-broccoli": "^1.0.0",
        "@npmmaintea/ipsa-alias-voluptatem-aperiam": "^1.0.0",
        "@npmmaintea/ipsum-cupiditate-dolor-voluptates": "^1.0.0",
        "@npmmaintea/magni-quo-maiores-facere": "^1.0.0",
        "@npmmaintea/officiis-iusto-illo-enim": "^1.0.0",
        "@npmmaintea/potential-octo-dollop": "^1.0.0",
        "@npmmaintea/psychic-doodle": "^1.0.0",
        "@npmmaintea/vitae-repudiandae-dicta-ducimus": "^1.0.0",
        "@npmmaintea/voluptates-impedit-atque-nostrum": "^1.0.0"
      }
    },
    "node_modules/@npmmaintea/ipsa-alias-voluptatem-aperiam": {
      "version": "1.0.0",
      "resolved": "https://registry.npmjs.org/@npmmaintea/ipsa-alias-voluptatem-aperiam/-/ipsa-alias-voluptatem-aperiam-1.0.0.tgz",
      "integrity": "sha512-DuL2cDv/ow4D5h+eydf1GXuIcM6o46EUCncuCPmUuKmxjUvjp1A4x0OAbGPFiznaiL7LLEGeuLFpSuPmLLdnkQ==",
      "dependencies": {
        "@npmmaintea/aliquam-accusantium-debitis-nulla": "^1.0.0",
        "@npmmaintea/cautious-waddle": "^1.0.0",
        "@npmmaintea/glowing-broccoli": "^1.0.0",
        "@npmmaintea/potential-octo-dollop": "^1.0.0",
        "@npmmaintea/psychic-doodle": "^1.0.0"
      }
    },
    "node_modules/@npmmaintea/ipsum-cupiditate-dolor-voluptates": {
      "version": "1.0.0",
      "resolved": "https://registry.npmjs.org/@npmmaintea/ipsum-cupiditate-dolor-voluptates/-/ipsum-cupiditate-dolor-voluptates-1.0.0.tgz",
      "integrity": "sha512-pUGdhBH94nAP03FDGhMp1jq8ckDGEERm2XHvSbJZXySJZmJsGiLSOdd+Gq5TzfGlKneQ6Vug08xcqhB7QzmXSQ==",
      "dependencies": {
        "@npmmaintea/aliquam-accusantium-debitis-nulla": "^1.0.0",
        "@npmmaintea/architecto-labore-numquam-eligendi": "^1.0.0",
        "@npmmaintea/at-eaque-sapiente-dolores": "^1.0.0",
        "@npmmaintea/cautious-waddle": "^1.0.0",
        "@npmmaintea/glowing-broccoli": "^1.0.0",
        "@npmmaintea/ipsa-alias-voluptatem-aperiam": "^1.0.0",
        "@npmmaintea/magni-quo-maiores-facere": "^1.0.0",
        "@npmmaintea/potential-octo-dollop": "^1.0.0",
        "@npmmaintea/psychic-doodle": "^1.0.0",
        "@npmmaintea/voluptates-impedit-atque-nostrum": "^1.0.0"
      }
    },
    "node_modules/@npmmaintea/iusto-quod-laborum-at": {
      "version": "1.0.0",
      "resolved": "https://registry.npmjs.org/@npmmaintea/iusto-quod-laborum-at/-/iusto-quod-laborum-at-1.0.0.tgz",
      "integrity": "sha512-6qQ0CyGHO8w2/EOT6qlY/DQWJoC7CXhdUZsZe8qnpKHV28/SapSiowRU5KyWxYq87jYYg2T2PPElUc58s5axGQ==",
      "dependencies": {
        "@npmmaintea/aliquam-accusantium-debitis-nulla": "^1.0.0",
        "@npmmaintea/architecto-labore-numquam-eligendi": "^1.0.0",
        "@npmmaintea/assumenda-quos-magni-velit": "^1.0.0",
        "@npmmaintea/at-eaque-sapiente-dolores": "^1.0.0",
        "@npmmaintea/cautious-waddle": "^1.0.0",
        "@npmmaintea/deserunt-nulla-doloribus-rerum": "^1.0.0",
        "@npmmaintea/dicta-minus-harum-quam": "^1.0.0",
        "@npmmaintea/dolorem-optio-necessitatibus-magnam": "^1.0.0",
        "@npmmaintea/earum-amet-distinctio-voluptatibus": "^1.0.0",
        "@npmmaintea/expedita-doloremque-vitae-cupiditate": "^1.0.0",
        "@npmmaintea/glowing-broccoli": "^1.0.0",
        "@npmmaintea/in-reprehenderit-in-deleniti": "^1.0.0",
        "@npmmaintea/ipsa-alias-voluptatem-aperiam": "^1.0.0",
        "@npmmaintea/ipsum-cupiditate-dolor-voluptates": "^1.0.0",
        "@npmmaintea/magni-quo-maiores-facere": "^1.0.0",
        "@npmmaintea/officiis-iusto-illo-enim": "^1.0.0",
        "@npmmaintea/potential-octo-dollop": "^1.0.0",
        "@npmmaintea/psychic-doodle": "^1.0.0",
        "@npmmaintea/quae-nemo-enim-quidem": "^1.0.0",
        "@npmmaintea/quam-pariatur-minima-numquam": "^1.0.0",
        "@npmmaintea/vitae-repudiandae-dicta-ducimus": "^1.0.0",
        "@npmmaintea/voluptates-impedit-atque-nostrum": "^1.0.0"
      }
    },
    "node_modules/@npmmaintea/magni-quo-maiores-facere": {
      "version": "1.0.0",
      "resolved": "https://registry.npmjs.org/@npmmaintea/magni-quo-maiores-facere/-/magni-quo-maiores-facere-1.0.0.tgz",
      "integrity": "sha512-M5M6HFE/tE8CQs7ZlDoO35BoYCv5T9sYFOXQ9ofG+YEJeyDFq2hmzNUyXX37J0cIF7Wg0+Xaprliu1jwTgnPmA==",
      "dependencies": {
        "@npmmaintea/aliquam-accusantium-debitis-nulla": "^1.0.0",
        "@npmmaintea/architecto-labore-numquam-eligendi": "^1.0.0",
        "@npmmaintea/at-eaque-sapiente-dolores": "^1.0.0",
        "@npmmaintea/cautious-waddle": "^1.0.0",
        "@npmmaintea/glowing-broccoli": "^1.0.0",
        "@npmmaintea/ipsa-alias-voluptatem-aperiam": "^1.0.0",
        "@npmmaintea/potential-octo-dollop": "^1.0.0",
        "@npmmaintea/psychic-doodle": "^1.0.0",
        "@npmmaintea/voluptates-impedit-atque-nostrum": "^1.0.0"
      }
    },
    "node_modules/@npmmaintea/officiis-iusto-illo-enim": {
      "version": "1.0.0",
      "resolved": "https://registry.npmjs.org/@npmmaintea/officiis-iusto-illo-enim/-/officiis-iusto-illo-enim-1.0.0.tgz",
      "integrity": "sha512-bXs3ZVPWIw6rtFzbMxs1PMI8wWq2TjCXqOQllX7MVoDwqxdG2P/5ycnWh1QgujwdBT0thHaW1G7049jZ7rR8hA==",
      "dependencies": {
        "@npmmaintea/aliquam-accusantium-debitis-nulla": "^1.0.0",
        "@npmmaintea/architecto-labore-numquam-eligendi": "^1.0.0",
        "@npmmaintea/at-eaque-sapiente-dolores": "^1.0.0",
        "@npmmaintea/cautious-waddle": "^1.0.0",
        "@npmmaintea/glowing-broccoli": "^1.0.0",
        "@npmmaintea/ipsa-alias-voluptatem-aperiam": "^1.0.0",
        "@npmmaintea/ipsum-cupiditate-dolor-voluptates": "^1.0.0",
        "@npmmaintea/magni-quo-maiores-facere": "^1.0.0",
        "@npmmaintea/potential-octo-dollop": "^1.0.0",
        "@npmmaintea/psychic-doodle": "^1.0.0",
        "@npmmaintea/vitae-repudiandae-dicta-ducimus": "^1.0.0",
        "@npmmaintea/voluptates-impedit-atque-nostrum": "^1.0.0"
      }
    },
    "node_modules/@npmmaintea/potential-octo-dollop": {
      "version": "1.0.0",
      "resolved": "https://registry.npmjs.org/@npmmaintea/potential-octo-dollop/-/potential-octo-dollop-1.0.0.tgz",
      "integrity": "sha512-5BYvbSS2q1JAxsemJqME7A5z0vwHhOja1HpwB4Rlwt+0J0qVoPfCgRsPqrpb2l6a0c8o88ZpTF8JOedzDvj91w=="
    },
    "node_modules/@npmmaintea/psychic-doodle": {
      "version": "1.0.0",
      "resolved": "https://registry.npmjs.org/@npmmaintea/psychic-doodle/-/psychic-doodle-1.0.0.tgz",
      "integrity": "sha512-0KoRGtisXqW/sUr0CTpR8iIQjDFJOgGk1MnnDoLkoUdHT2OIwTv0qFctVYmUaac1uVx5MGBcdYGH+WNY3TLF9A==",
      "dependencies": {
        "@npmmaintea/cautious-waddle": "^1.0.0",
        "@npmmaintea/glowing-broccoli": "^1.0.0",
        "@npmmaintea/potential-octo-dollop": "^1.0.0"
      }
    },
    "node_modules/@npmmaintea/quae-nemo-enim-quidem": {
      "version": "1.0.0",
      "resolved": "https://registry.npmjs.org/@npmmaintea/quae-nemo-enim-quidem/-/quae-nemo-enim-quidem-1.0.0.tgz",
      "integrity": "sha512-czreNZ0vUunWyqHQr0kVJDEhVmN7lLx4PQ7IJm2NfiWKV115j26CLOPW4zJapEL1btmTkO0s1eo//r1WcP9ZWQ==",
      "dependencies": {
        "@npmmaintea/aliquam-accusantium-debitis-nulla": "^1.0.0",
        "@npmmaintea/architecto-labore-numquam-eligendi": "^1.0.0",
        "@npmmaintea/at-eaque-sapiente-dolores": "^1.0.0",
        "@npmmaintea/cautious-waddle": "^1.0.0",
        "@npmmaintea/deserunt-nulla-doloribus-rerum": "^1.0.0",
        "@npmmaintea/dolorem-optio-necessitatibus-magnam": "^1.0.0",
        "@npmmaintea/glowing-broccoli": "^1.0.0",
        "@npmmaintea/in-reprehenderit-in-deleniti": "^1.0.0",
        "@npmmaintea/ipsa-alias-voluptatem-aperiam": "^1.0.0",
        "@npmmaintea/ipsum-cupiditate-dolor-voluptates": "^1.0.0",
        "@npmmaintea/magni-quo-maiores-facere": "^1.0.0",
        "@npmmaintea/officiis-iusto-illo-enim": "^1.0.0",
        "@npmmaintea/potential-octo-dollop": "^1.0.0",
        "@npmmaintea/psychic-doodle": "^1.0.0",
        "@npmmaintea/vitae-repudiandae-dicta-ducimus": "^1.0.0",
        "@npmmaintea/voluptates-impedit-atque-nostrum": "^1.0.0"
      }
    },
    "node_modules/@npmmaintea/quam-pariatur-minima-numquam": {
      "version": "1.0.0",
      "resolved": "https://registry.npmjs.org/@npmmaintea/quam-pariatur-minima-numquam/-/quam-pariatur-minima-numquam-1.0.0.tgz",
      "integrity": "sha512-LLR7Yuv1j0KeEQj6NDj3sE3AqSQZTOKRRDqPClIZBnBc8ZSUTse5lhqjko2L9ibi7IuuysYKsyIIYNTVOvz3PA==",
      "dependencies": {
        "@npmmaintea/aliquam-accusantium-debitis-nulla": "^1.0.0",
        "@npmmaintea/architecto-labore-numquam-eligendi": "^1.0.0",
        "@npmmaintea/at-eaque-sapiente-dolores": "^1.0.0",
        "@npmmaintea/cautious-waddle": "^1.0.0",
        "@npmmaintea/deserunt-nulla-doloribus-rerum": "^1.0.0",
        "@npmmaintea/dolorem-optio-necessitatibus-magnam": "^1.0.0",
        "@npmmaintea/earum-amet-distinctio-voluptatibus": "^1.0.0",
        "@npmmaintea/glowing-broccoli": "^1.0.0",
        "@npmmaintea/in-reprehenderit-in-deleniti": "^1.0.0",
        "@npmmaintea/ipsa-alias-voluptatem-aperiam": "^1.0.0",
        "@npmmaintea/ipsum-cupiditate-dolor-voluptates": "^1.0.0",
        "@npmmaintea/magni-quo-maiores-facere": "^1.0.0",
        "@npmmaintea/officiis-iusto-illo-enim": "^1.0.0",
        "@npmmaintea/potential-octo-dollop": "^1.0.0",
        "@npmmaintea/psychic-doodle": "^1.0.0",
        "@npmmaintea/quae-nemo-enim-quidem": "^1.0.0",
        "@npmmaintea/vitae-repudiandae-dicta-ducimus": "^1.0.0",
        "@npmmaintea/voluptates-impedit-atque-nostrum": "^1.0.0"
      }
    },
    "node_modules/@npmmaintea/sunt-minima-blanditiis-placeat": {
      "version": "1.0.0",
      "resolved": "https://registry.npmjs.org/@npmmaintea/sunt-minima-blanditiis-placeat/-/sunt-minima-blanditiis-placeat-1.0.0.tgz",
      "integrity": "sha512-tAz66pwHQIJqFUGgmXrcbRUgOxhuFZZwt8ZXjE6XRaLqE9xlqFOuI/wTACT4EfttRUYEL0TPIm7lOFBbwCmb8w==",
      "dependencies": {
        "@npmmaintea/aliquam-accusantium-debitis-nulla": "^1.0.0",
        "@npmmaintea/architecto-labore-numquam-eligendi": "^1.0.0",
        "@npmmaintea/assumenda-quos-magni-velit": "^1.0.0",
        "@npmmaintea/at-eaque-sapiente-dolores": "^1.0.0",
        "@npmmaintea/cautious-waddle": "^1.0.0",
        "@npmmaintea/deserunt-nulla-doloribus-rerum": "^1.0.0",
        "@npmmaintea/dicta-minus-harum-quam": "^1.0.0",
        "@npmmaintea/dolor-ullam-incidunt-suscipit": "^1.0.0",
        "@npmmaintea/dolorem-optio-necessitatibus-magnam": "^1.0.0",
        "@npmmaintea/ea-debitis-ab-adipisci": "^1.0.0",
        "@npmmaintea/earum-amet-distinctio-voluptatibus": "^1.0.0",
        "@npmmaintea/et-nihil-quos-perferendis": "^1.0.0",
        "@npmmaintea/expedita-doloremque-vitae-cupiditate": "^1.0.0",
        "@npmmaintea/fugit-voluptatem-placeat-delectus": "^1.0.0",
        "@npmmaintea/glowing-broccoli": "^1.0.0",
        "@npmmaintea/in-reprehenderit-in-deleniti": "^1.0.0",
        "@npmmaintea/ipsa-alias-voluptatem-aperiam": "^1.0.0",
        "@npmmaintea/ipsum-cupiditate-dolor-voluptates": "^1.0.0",
        "@npmmaintea/iusto-quod-laborum-at": "^1.0.0",
        "@npmmaintea/magni-quo-maiores-facere": "^1.0.0",
        "@npmmaintea/officiis-iusto-illo-enim": "^1.0.0",
        "@npmmaintea/potential-octo-dollop": "^1.0.0",
        "@npmmaintea/psychic-doodle": "^1.0.0",
        "@npmmaintea/quae-nemo-enim-quidem": "^1.0.0",
        "@npmmaintea/quam-pariatur-minima-numquam": "^1.0.0",
        "@npmmaintea/vitae-repudiandae-dicta-ducimus": "^1.0.0",
        "@npmmaintea/voluptates-impedit-atque-nostrum": "^1.0.0"
      }
    },
    "node_modules/@npmmaintea/vitae-repudiandae-dicta-ducimus": {
      "version": "1.0.0",
      "resolved": "https://registry.npmjs.org/@npmmaintea/vitae-repudiandae-dicta-ducimus/-/vitae-repudiandae-dicta-ducimus-1.0.0.tgz",
      "integrity": "sha512-BipeCtIzFQ1HAluQq6VilrVDqPf9d+gJoUuk7RxYesiQD1fzPDmVoTc49A7DUcMAjZLeQzuoRmJvw0z8BCYGKA==",
      "dependencies": {
        "@npmmaintea/aliquam-accusantium-debitis-nulla": "^1.0.0",
        "@npmmaintea/architecto-labore-numquam-eligendi": "^1.0.0",
        "@npmmaintea/at-eaque-sapiente-dolores": "^1.0.0",
        "@npmmaintea/cautious-waddle": "^1.0.0",
        "@npmmaintea/glowing-broccoli": "^1.0.0",
        "@npmmaintea/ipsa-alias-voluptatem-aperiam": "^1.0.0",
        "@npmmaintea/ipsum-cupiditate-dolor-voluptates": "^1.0.0",
        "@npmmaintea/magni-quo-maiores-facere": "^1.0.0",
        "@npmmaintea/potential-octo-dollop": "^1.0.0",
        "@npmmaintea/psychic-doodle": "^1.0.0",
        "@npmmaintea/voluptates-impedit-atque-nostrum": "^1.0.0"
      }
    },
    "node_modules/@npmmaintea/voluptatem-sed-voluptates-ducimus": {
      "version": "1.0.0",
      "resolved": "https://registry.npmjs.org/@npmmaintea/voluptatem-sed-voluptates-ducimus/-/voluptatem-sed-voluptates-ducimus-1.0.0.tgz",
      "integrity": "sha512-EqivW0k/AzB/OhmLNVxow2HryA62u86lOJs6HR0YH00ghgmCSyCfxjusAHYcnj98G/jRm8MlTqU0nKpfyf1jvA==",
      "dependencies": {
        "@npmmaintea/aliquam-accusantium-debitis-nulla": "^1.0.0",
        "@npmmaintea/architecto-labore-numquam-eligendi": "^1.0.0",
        "@npmmaintea/assumenda-quos-magni-velit": "^1.0.0",
        "@npmmaintea/at-eaque-sapiente-dolores": "^1.0.0",
        "@npmmaintea/cautious-waddle": "^1.0.0",
        "@npmmaintea/consequatur-laudantium-nihil-modi": "^1.0.0",
        "@npmmaintea/deserunt-nulla-doloribus-rerum": "^1.0.0",
        "@npmmaintea/dicta-minus-harum-quam": "^1.0.0",
        "@npmmaintea/dolor-ullam-incidunt-suscipit": "^1.0.0",
        "@npmmaintea/dolorem-optio-necessitatibus-magnam": "^1.0.0",
        "@npmmaintea/ea-debitis-ab-adipisci": "^1.0.0",
        "@npmmaintea/earum-amet-distinctio-voluptatibus": "^1.0.0",
        "@npmmaintea/et-nihil-quos-perferendis": "^1.0.0",
        "@npmmaintea/expedita-doloremque-vitae-cupiditate": "^1.0.0",
        "@npmmaintea/fugit-voluptatem-placeat-delectus": "^1.0.0",
        "@npmmaintea/glowing-broccoli": "^1.0.0",
        "@npmmaintea/in-reprehenderit-in-deleniti": "^1.0.0",
        "@npmmaintea/ipsa-alias-voluptatem-aperiam": "^1.0.0",
        "@npmmaintea/ipsum-cupiditate-dolor-voluptates": "^1.0.0",
        "@npmmaintea/iusto-quod-laborum-at": "^1.0.0",
        "@npmmaintea/magni-quo-maiores-facere": "^1.0.0",
        "@npmmaintea/officiis-iusto-illo-enim": "^1.0.0",
        "@npmmaintea/potential-octo-dollop": "^1.0.0",
        "@npmmaintea/psychic-doodle": "^1.0.0",
        "@npmmaintea/quae-nemo-enim-quidem": "^1.0.0",
        "@npmmaintea/quam-pariatur-minima-numquam": "^1.0.0",
        "@npmmaintea/sunt-minima-blanditiis-placeat": "^1.0.0",
        "@npmmaintea/vitae-repudiandae-dicta-ducimus": "^1.0.0",
        "@npmmaintea/voluptates-impedit-atque-nostrum": "^1.0.0"
      }
    },
    "node_modules/@npmmaintea/voluptates-impedit-atque-nostrum": {
      "version": "1.0.0",
      "resolved": "https://registry.npmjs.org/@npmmaintea/voluptates-impedit-atque-nostrum/-/voluptates-impedit-atque-nostrum-1.0.0.tgz",
      "integrity": "sha512-z9jJyrQvE/lsbXya2mc2pE7sGV/esTxL2MJy6rxuUz+p7RTtjJnU+qM/4eUWY6dccBYunql6I0+a3rBlpu09cg==",
      "dependencies": {
        "@npmmaintea/aliquam-accusantium-debitis-nulla": "^1.0.0",
        "@npmmaintea/architecto-labore-numquam-eligendi": "^1.0.0",
        "@npmmaintea/cautious-waddle": "^1.0.0",
        "@npmmaintea/glowing-broccoli": "^1.0.0",
        "@npmmaintea/ipsa-alias-voluptatem-aperiam": "^1.0.0",
        "@npmmaintea/potential-octo-dollop": "^1.0.0",
        "@npmmaintea/psychic-doodle": "^1.0.0"
      }
    }
  }
}
